
Microsoft Visual Studio Solution File, Format Version 12.00
# Visual Studio Version 17
VisualStudioVersion = 17.5.002.0
MinimumVisualStudioVersion = 10.0.40219.1
Project("{9A19103F-16F7-4668-BE54-9A1E7A4F7556}") = "PokemonCatcherGame.Server", "PokemonCatcherGame.Server.csproj", "{669B6081-97D5-4FC3-AB1F-ECB8203FBACA}"
EndProject
Global
	GlobalSection(SolutionConfigurationPlatforms) = preSolution
		Debug|Any CPU = Debug|Any CPU
		Release|Any CPU = Release|Any CPU
	EndGlobalSection
	GlobalSection(ProjectConfigurationPlatforms) = postSolution
		{669B6081-97D5-4FC3-AB1F-ECB8203FBACA}.Debug|Any CPU.ActiveCfg = Debug|Any CPU
		{669B6081-97D5-4FC3-AB1F-ECB8203FBACA}.Debug|Any CPU.Build.0 = Debug|Any CPU
		{669B6081-97D5-4FC3-AB1F-ECB8203FBACA}.Release|Any CPU.ActiveCfg = Release|Any CPU
		{669B6081-97D5-4FC3-AB1F-ECB8203FBACA}.Release|Any CPU.Build.0 = Release|Any CPU
	EndGlobalSection
	GlobalSection(SolutionProperties) = preSolution
		HideSolutionNode = FALSE
	EndGlobalSection
	GlobalSection(ExtensibilityGlobals) = postSolution
		SolutionGuid = {C0F25BFE-EA3A-48E3-B482-89B536229E08}
	EndGlobalSection
EndGlobal
